{
  "originHash" : "cd4b3f3c1f5d788e41d9e05745173c09be7082e98d84d13fff95b986fc198d45",
  "pins" : [
    {
      "identity" : "imagepicker",
      "kind" : "remoteSourceControl",
      "location" : "https://github.com/hyperoslo/ImagePicker.git",
      "state" : {
        "revision" : "d8a8f840380b9a28230c8fcad277adb458706d0a",
        "version" : "3.3.0"
      }
    },
    {
      "identity" : "mapbox-common-ios",
      "kind" : "remoteSourceControl",
      "location" : "https://github.com/mapbox/mapbox-common-ios.git",
      "state" : {
        "revision" : "7e3b4bcbcd4eeda7e5225d869ffc8ea0c49a0dd4",
        "version" : "24.9.0-beta.1"
      }
    },
    {
      "identity" : "mapbox-core-maps-ios",
      "kind" : "remoteSourceControl",
      "location" : "https://github.com/mapbox/mapbox-core-maps-ios.git",
      "state" : {
        "revision" : "fc06924987026de895a024804052366d0836df69",
        "version" : "11.9.0-beta.1"
      }
    },
    {
      "identity" : "mapbox-maps-ios",
      "kind" : "remoteSourceControl",
      "location" : "https://github.com/mapbox/mapbox-maps-ios.git",
      "state" : {
        "branch" : "main",
        "revision" : "34313b203919d3aa64cccc9e64a7f99586d0cbfc"
      }
    },
    {
      "identity" : "turf-swift",
      "kind" : "remoteSourceControl",
      "location" : "https://github.com/mapbox/turf-swift.git",
      "state" : {
        "revision" : "f869ec2055ace4f95101b623a45f1506fa6f1503",
        "version" : "4.0.0-beta.1"
      }
    }
  ],
  "version" : 3
}
